
Microsoft Visual Studio Solution File, Format Version 12.00
# Visual Studio Version 17
VisualStudioVersion = 17.4.33213.308
MinimumVisualStudioVersion = 10.0.40219.1
Project("{9A19103F-16F7-4668-BE54-9A1E7A4F7556}") = "JH_LAB1", "JH_LAB1\JH_LAB1.csproj", "{029538E3-53CE-4ACC-AEC3-A876D9016413}"
EndProject
Project("{9A19103F-16F7-4668-BE54-9A1E7A4F7556}") = "JH_3", "JH_3\JH_3.csproj", "{56CEFF55-E1B6-48AF-8347-8FF090D3FB79}"
EndProject
Project("{FAE04EC0-301F-11D3-BF4B-00C04F79EFBC}") = "TestingJH_LAB1", "TestingJH_LAB1\TestingJH_LAB1.csproj", "{0B0F9586-80F0-4E4A-B43F-D3EDF302DADC}"
EndProject
Global
	GlobalSection(SolutionConfigurationPlatforms) = preSolution
		Debug|Any CPU = Debug|Any CPU
		Release|Any CPU = Release|Any CPU
	EndGlobalSection
	GlobalSection(ProjectConfigurationPlatforms) = postSolution
		{029538E3-53CE-4ACC-AEC3-A876D9016413}.Debug|Any CPU.ActiveCfg = Debug|Any CPU
		{029538E3-53CE-4ACC-AEC3-A876D9016413}.Debug|Any CPU.Build.0 = Debug|Any CPU
		{029538E3-53CE-4ACC-AEC3-A876D9016413}.Release|Any CPU.ActiveCfg = Release|Any CPU
		{029538E3-53CE-4ACC-AEC3-A876D9016413}.Release|Any CPU.Build.0 = Release|Any CPU
		{56CEFF55-E1B6-48AF-8347-8FF090D3FB79}.Debug|Any CPU.ActiveCfg = Debug|Any CPU
		{56CEFF55-E1B6-48AF-8347-8FF090D3FB79}.Debug|Any CPU.Build.0 = Debug|Any CPU
		{56CEFF55-E1B6-48AF-8347-8FF090D3FB79}.Release|Any CPU.ActiveCfg = Release|Any CPU
		{56CEFF55-E1B6-48AF-8347-8FF090D3FB79}.Release|Any CPU.Build.0 = Release|Any CPU
		{0B0F9586-80F0-4E4A-B43F-D3EDF302DADC}.Debug|Any CPU.ActiveCfg = Debug|Any CPU
		{0B0F9586-80F0-4E4A-B43F-D3EDF302DADC}.Debug|Any CPU.Build.0 = Debug|Any CPU
		{0B0F9586-80F0-4E4A-B43F-D3EDF302DADC}.Release|Any CPU.ActiveCfg = Release|Any CPU
		{0B0F9586-80F0-4E4A-B43F-D3EDF302DADC}.Release|Any CPU.Build.0 = Release|Any CPU
	EndGlobalSection
	GlobalSection(SolutionProperties) = preSolution
		HideSolutionNode = FALSE
	EndGlobalSection
	GlobalSection(ExtensibilityGlobals) = postSolution
		SolutionGuid = {125BD9F6-D811-41B1-A66F-019AB0DB314C}
	EndGlobalSection
EndGlobal
